# This file is automatically @generated by Cargo.
# It is not intended for manual editing.
version = 4

[[package]]
name = "world-bot"
version = "0.1.0"
dependencies = [
 "world-protocol",
]

[[package]]
name = "world-core"
version = "0.1.0"
dependencies = [
 "world-protocol",
]

[[package]]
name = "world-protocol"
version = "0.1.0"

[[package]]
name = "world-runner"
version = "0.1.0"
dependencies = [
 "world-bot",
 "world-core",
 "world-protocol",
]

[[package]]
name = "world-server"
version = "0.1.0"
dependencies = [
 "world-core",
 "world-protocol",
 "world-runner",
]
